// !$*UTF8*$!
{
	archiveVersion = 1;
	classes = {
	};
	objectVersion = 50;
	objects = {

/* Begin PBXBuildFile section */
		4A70422A6F63F83E6E68D59B /* Pods_freneticos.framework in Frameworks */ = {isa = PBXBuildFile; fileRef = 23530813664B76F55C220BEE /* Pods_freneticos.framework */; };
		E9C74DC1210613CD00EF770E /* AppDelegate.swift in Sources */ = {isa = PBXBuildFile; fileRef = E9C74DC0210613CD00EF770E /* AppDelegate.swift */; };
		E9C74DC3210613CD00EF770E /* ViewController.swift in Sources */ = {isa = PBXBuildFile; fileRef = E9C74DC2210613CD00EF770E /* ViewController.swift */; };
		E9C74DC6210613CD00EF770E /* Main.storyboard in Resources */ = {isa = PBXBuildFile; fileRef = E9C74DC4210613CD00EF770E /* Main.storyboard */; };
		E9C74DC9210613CD00EF770E /* freneticos.xcdatamodeld in Sources */ = {isa = PBXBuildFile; fileRef = E9C74DC7210613CD00EF770E /* freneticos.xcdatamodeld */; };
		E9C74DCB210613CE00EF770E /* Assets.xcassets in Resources */ = {isa = PBXBuildFile; fileRef = E9C74DCA210613CE00EF770E /* Assets.xcassets */; };
		E9C74DCE210613CE00EF770E /* LaunchScreen.storyboard in Resources */ = {isa = PBXBuildFile; fileRef = E9C74DCC210613CE00EF770E /* LaunchScreen.storyboard */; };
		E9E297842106199F00182BCA /* SigninViewController.swift in Sources */ = {isa = PBXBuildFile; fileRef = E9E297832106199F00182BCA /* SigninViewController.swift */; };
		E9E2978721061AF400182BCA /* UserService.swift in Sources */ = {isa = PBXBuildFile; fileRef = E9E2978621061AF400182BCA /* UserService.swift */; };
/* End PBXBuildFile section */

/* Begin PBXFileReference section */
		23530813664B76F55C220BEE /* Pods_freneticos.framework */ = {isa = PBXFileReference; explicitFileType = wrapper.framework; includeInIndex = 0; path = Pods_freneticos.framework; sourceTree = BUILT_PRODUCTS_DIR; };
		52918835A8828D8E2521BBF4 /* Pods-freneticos.debug.xcconfig */ = {isa = PBXFileReference; includeInIndex = 1; lastKnownFileType = text.xcconfig; name = "Pods-freneticos.debug.xcconfig"; path = "Pods/Target Support Files/Pods-freneticos/Pods-freneticos.debug.xcconfig"; sourceTree = "<group>"; };
		7D07950EC52E32CFCDAE9D26 /* Pods-freneticos.release.xcconfig */ = {isa = PBXFileReference; includeInIndex = 1; lastKnownFileType = text.xcconfig; name = "Pods-freneticos.release.xcconfig"; path = "Pods/Target Support Files/Pods-freneticos/Pods-freneticos.release.xcconfig"; sourceTree = "<group>"; };
		E9C74DBD210613CD00EF770E /* freneticos.app */ = {isa = PBXFileReference; explicitFileType = wrapper.application; includeInIndex = 0; path = freneticos.app; sourceTree = BUILT_PRODUCTS_DIR; };
		E9C74DC0210613CD00EF770E /* AppDelegate.swift */ = {isa = PBXFileReference; lastKnownFileType = sourcecode.swift; path = AppDelegate.swift; sourceTree = "<group>"; };
		E9C74DC2210613CD00EF770E /* ViewController.swift */ = {isa = PBXFileReference; lastKnownFileType = sourcecode.swift; path = ViewController.swift; sourceTree = "<group>"; };
		E9C74DC5210613CD00EF770E /* Base */ = {isa = PBXFileReference; lastKnownFileType = file.storyboard; name = Base; path = Base.lproj/Main.storyboard; sourceTree = "<group>"; };
		E9C74DC8210613CD00EF770E /* freneticos.xcdatamodel */ = {isa = PBXFileReference; lastKnownFileType = wrapper.xcdatamodel; path = freneticos.xcdatamodel; sourceTree = "<group>"; };
		E9C74DCA210613CE00EF770E /* Assets.xcassets */ = {isa = PBXFileReference; lastKnownFileType = folder.assetcatalog; path = Assets.xcassets; sourceTree = "<group>"; };
		E9C74DCD210613CE00EF770E /* Base */ = {isa = PBXFileReference; lastKnownFileType = file.storyboard; name = Base; path = Base.lproj/LaunchScreen.storyboard; sourceTree = "<group>"; };
		E9C74DCF210613CE00EF770E /* Info.plist */ = {isa = PBXFileReference; lastKnownFileType = text.plist.xml; path = Info.plist; sourceTree = "<group>"; };
		E9E297832106199F00182BCA /* SigninViewController.swift */ = {isa = PBXFileReference; lastKnownFileType = sourcecode.swift; path = SigninViewController.swift; sourceTree = "<group>"; };
		E9E2978621061AF400182BCA /* UserService.swift */ = {isa = PBXFileReference; lastKnownFileType = sourcecode.swift; path = UserService.swift; sourceTree = "<group>"; };
/* End PBXFileReference section */

/* Begin PBXFrameworksBuildPhase section */
		E9C74DBA210613CD00EF770E /* Frameworks */ = {
			isa = PBXFrameworksBuildPhase;
			buildActionMask = 2147483647;
			files = (
				4A70422A6F63F83E6E68D59B /* Pods_freneticos.framework in Frameworks */,
			);
			runOnlyForDeploymentPostprocessing = 0;
		};
/* End PBXFrameworksBuildPhase section */

/* Begin PBXGroup section */
		4EEA44FC3DEAA5C569B86A7C /* Frameworks */ = {
			isa = PBXGroup;
			children = (
				23530813664B76F55C220BEE /* Pods_freneticos.framework */,
			);
			name = Frameworks;
			sourceTree = "<group>";
		};
		72838174899248F038A6379D /* Pods */ = {
			isa = PBXGroup;
			children = (
				52918835A8828D8E2521BBF4 /* Pods-freneticos.debug.xcconfig */,
				7D07950EC52E32CFCDAE9D26 /* Pods-freneticos.release.xcconfig */,
			);
			name = Pods;
			sourceTree = "<group>";
		};
		E9C74DB4210613CD00EF770E = {
			isa = PBXGroup;
			children = (
				E9C74DBF210613CD00EF770E /* freneticos */,
				E9C74DBE210613CD00EF770E /* Products */,
				72838174899248F038A6379D /* Pods */,
				4EEA44FC3DEAA5C569B86A7C /* Frameworks */,
			);
			sourceTree = "<group>";
		};
		E9C74DBE210613CD00EF770E /* Products */ = {
			isa = PBXGroup;
			children = (
				E9C74DBD210613CD00EF770E /* freneticos.app */,
			);
			name = Products;
			sourceTree = "<group>";
		};
		E9C74DBF210613CD00EF770E /* freneticos */ = {
			isa = PBXGroup;
			children = (
				E9C74DC0210613CD00EF770E /* AppDelegate.swift */,
				E9C74DC2210613CD00EF770E /* ViewController.swift */,
				E9C74DC4210613CD00EF770E /* Main.storyboard */,
				E9E297832106199F00182BCA /* SigninViewController.swift */,
				E9C74DCA210613CE00EF770E /* Assets.xcassets */,
				E9C74DCC210613CE00EF770E /* LaunchScreen.storyboard */,
				E9C74DCF210613CE00EF770E /* Info.plist */,
				E9C74DC7210613CD00EF770E /* freneticos.xcdatamodeld */,
				E9E2978521061ABD00182BCA /* services */,
			);
			path = freneticos;
			sourceTree = "<group>";
		};
		E9E2978521061ABD00182BCA /* services */ = {
			isa = PBXGroup;
			children = (
				E9E2978621061AF400182BCA /* UserService.swift */,
			);
			path = services;
			sourceTree = "<group>";
		};
/* End PBXGroup section */

/* Begin PBXNativeTarget section */
		E9C74DBC210613CD00EF770E /* freneticos */ = {
			isa = PBXNativeTarget;
			buildConfigurationList = E9C74DD2210613CE00EF770E /* Build configuration list for PBXNativeTarget "freneticos" */;
			buildPhases = (
				D13408E886F712775EB77517 /* [CP] Check Pods Manifest.lock */,
				E9C74DB9210613CD00EF770E /* Sources */,
				E9C74DBA210613CD00EF770E /* Frameworks */,
				E9C74DBB210613CD00EF770E /* Resources */,
			);
			buildRules = (
			);
			dependencies = (
			);
			name = freneticos;
			productName = freneticos;
			productReference = E9C74DBD210613CD00EF770E /* freneticos.app */;
			productType = "com.apple.product-type.application";
		};
/* End PBXNativeTarget section */

/* Begin PBXProject section */
		E9C74DB5210613CD00EF770E /* Project object */ = {
			isa = PBXProject;
			attributes = {
				LastSwiftUpdateCheck = 0940;
				LastUpgradeCheck = 0940;
				ORGANIZATIONNAME = "Pedro Kayser";
				TargetAttributes = {
					E9C74DBC210613CD00EF770E = {
						CreatedOnToolsVersion = 9.4.1;
					};
				};
			};
			buildConfigurationList = E9C74DB8210613CD00EF770E /* Build configuration list for PBXProject "freneticos" */;
			compatibilityVersion = "Xcode 9.3";
			developmentRegion = en;
			hasScannedForEncodings = 0;
			knownRegions = (
				en,
				Base,
			);
			mainGroup = E9C74DB4210613CD00EF770E;
			productRefGroup = E9C74DBE210613CD00EF770E /* Products */;
			projectDirPath = "";
			projectRoot = "";
			targets = (
				E9C74DBC210613CD00EF770E /* freneticos */,
			);
		};
/* End PBXProject section */

/* Begin PBXResourcesBuildPhase section */
		E9C74DBB210613CD00EF770E /* Resources */ = {
			isa = PBXResourcesBuildPhase;
			buildActionMask = 2147483647;
			files = (
				E9C74DCE210613CE00EF770E /* LaunchScreen.storyboard in Resources */,
				E9C74DCB210613CE00EF770E /* Assets.xcassets in Resources */,
				E9C74DC6210613CD00EF770E /* Main.storyboard in Resources */,
			);
			runOnlyForDeploymentPostprocessing = 0;
		};
/* End PBXResourcesBuildPhase section */

/* Begin PBXShellScriptBuildPhase section */
		D13408E886F712775EB77517 /* [CP] Check Pods Manifest.lock */ = {
			isa = PBXShellScriptBuildPhase;
			buildActionMask = 2147483647;
			files = (
			);
			inputPaths = (
				"${PODS_PODFILE_DIR_PATH}/Podfile.lock",
				"${PODS_ROOT}/Manifest.lock",
			);
			name = "[CP] Check Pods Manifest.lock";
			outputPaths = (
				"$(DERIVED_FILE_DIR)/Pods-freneticos-checkManifestLockResult.txt",
			);
			runOnlyForDeploymentPostprocessing = 0;
			shellPath = /bin/sh;
			shellScript = "diff \"${PODS_PODFILE_DIR_PATH}/Podfile.lock\" \"${PODS_ROOT}/Manifest.lock\" > /dev/null\nif [ $? != 0 ] ; then\n    # print error to STDERR\n    echo \"error: The sandbox is not in sync with the Podfile.lock. Run 'pod install' or update your CocoaPods installation.\" >&2\n    exit 1\nfi\n# This output is used by Xcode 'outputs' to avoid re-running this script phase.\necho \"SUCCESS\" > \"${SCRIPT_OUTPUT_FILE_0}\"\n";
			showEnvVarsInLog = 0;
		};
/* End PBXShellScriptBuildPhase section */

/* Begin PBXSourcesBuildPhase section */
		E9C74DB9210613CD00EF770E /* Sources */ = {
			isa = PBXSourcesBuildPhase;
			buildActionMask = 2147483647;
			files = (
				E9E297842106199F00182BCA /* SigninViewController.swift in Sources */,
				E9E2978721061AF400182BCA /* UserService.swift in Sources */,
				E9C74DC3210613CD00EF770E /* ViewController.swift in Sources */,
				E9C74DC9210613CD00EF770E /* freneticos.xcdatamodeld in Sources */,
				E9C74DC1210613CD00EF770E /* AppDelegate.swift in Sources */,
			);
			runOnlyForDeploymentPostprocessing = 0;
		};
/* End PBXSourcesBuildPhase section */

/* Begin PBXVariantGroup section */
		E9C74DC4210613CD00EF770E /* Main.storyboard */ = {
			isa = PBXVariantGroup;
			children = (
				E9C74DC5210613CD00EF770E /* Base */,
			);
			name = Main.storyboard;
			sourceTree = "<group>";
		};
		E9C74DCC210613CE00EF770E /* LaunchScreen.storyboard */ = {
			isa = PBXVariantGroup;
			children = (
				E9C74DCD210613CE00EF770E /* Base */,
			);
			name = LaunchScreen.storyboard;
			sourceTree = "<group>";
		};
/* End PBXVariantGroup section */

/* Begin XCBuildConfiguration section */
		E9C74DD0210613CE00EF770E /* Debug */ = {
			isa = XCBuildConfiguration;
			buildSettings = {
				ALWAYS_SEARCH_USER_PATHS = NO;
				CLANG_ANALYZER_NONNULL = YES;
				CLANG_ANALYZER_NUMBER_OBJECT_CONVERSION = YES_AGGRESSIVE;
				CLANG_CXX_LANGUAGE_STANDARD = "gnu++14";
				CLANG_CXX_LIBRARY = "libc++";
				CLANG_ENABLE_MODULES = YES;
				CLANG_ENABLE_OBJC_ARC = YES;
				CLANG_ENABLE_OBJC_WEAK = YES;
				CLANG_WARN_BLOCK_CAPTURE_AUTORELEASING = YES;
				CLANG_WARN_BOOL_CONVERSION = YES;
				CLANG_WARN_COMMA = YES;
				CLANG_WARN_CONSTANT_CONVERSION = YES;
				CLANG_WARN_DEPRECATED_OBJC_IMPLEMENTATIONS = YES;
				CLANG_WARN_DIRECT_OBJC_ISA_USAGE = YES_ERROR;
				CLANG_WARN_DOCUMENTATION_COMMENTS = YES;
				CLANG_WARN_EMPTY_BODY = YES;
				CLANG_WARN_ENUM_CONVERSION = YES;
				CLANG_WARN_INFINITE_RECURSION = YES;
				CLANG_WARN_INT_CONVERSION = YES;
				CLANG_WARN_NON_LITERAL_NULL_CONVERSION = YES;
				CLANG_WARN_OBJC_IMPLICIT_RETAIN_SELF = YES;
				CLANG_WARN_OBJC_LITERAL_CONVERSION = YES;
				CLANG_WARN_OBJC_ROOT_CLASS = YES_ERROR;
				CLANG_WARN_RANGE_LOOP_ANALYSIS = YES;
				CLANG_WARN_STRICT_PROTOTYPES = YES;
				CLANG_WARN_SUSPICIOUS_MOVE = YES;
				CLANG_WARN_UNGUARDED_AVAILABILITY = YES_AGGRESSIVE;
				CLANG_WARN_UNREACHABLE_CODE = YES;
				CLANG_WARN__DUPLICATE_METHOD_MATCH = YES;
				CODE_SIGN_IDENTITY = "iPhone Developer";
				COPY_PHASE_STRIP = NO;
				DEBUG_INFORMATION_FORMAT = dwarf;
				ENABLE_STRICT_OBJC_MSGSEND = YES;
				ENABLE_TESTABILITY = YES;
				GCC_C_LANGUAGE_STANDARD = gnu11;
				GCC_DYNAMIC_NO_PIC = NO;
				GCC_NO_COMMON_BLOCKS = YES;
				GCC_OPTIMIZATION_LEVEL = 0;
				GCC_PREPROCESSOR_DEFINITIONS = (
					"DEBUG=1",
					"$(inherited)",
				);
				GCC_WARN_64_TO_32_BIT_CONVERSION = YES;
				GCC_WARN_ABOUT_RETURN_TYPE = YES_ERROR;
				GCC_WARN_UNDECLARED_SELECTOR = YES;
				GCC_WARN_UNINITIALIZED_AUTOS = YES_AGGRESSIVE;
				GCC_WARN_UNUSED_FUNCTION = YES;
				GCC_WARN_UNUSED_VARIABLE = YES;
				IPHONEOS_DEPLOYMENT_TARGET = 11.4;
				MTL_ENABLE_DEBUG_INFO = YES;
				ONLY_ACTIVE_ARCH = YES;
				SDKROOT = iphoneos;
				SWIFT_ACTIVE_COMPILATION_CONDITIONS = DEBUG;
				SWIFT_OPTIMIZATION_LEVEL = "-Onone";
			};
			name = Debug;
		};
		E9C74DD1210613CE00EF770E /* Release */ = {
			isa = XCBuildConfiguration;
			buildSettings = {
				ALWAYS_SEARCH_USER_PATHS = NO;
				CLANG_ANALYZER_NONNULL = YES;
				CLANG_ANALYZER_NUMBER_OBJECT_CONVERSION = YES_AGGRESSIVE;
				CLANG_CXX_LANGUAGE_STANDARD = "gnu++14";
				CLANG_CXX_LIBRARY = "libc++";
				CLANG_ENABLE_MODULES = YES;
				CLANG_ENABLE_OBJC_ARC = YES;
				CLANG_ENABLE_OBJC_WEAK = YES;
				CLANG_WARN_BLOCK_CAPTURE_AUTORELEASING = YES;
				CLANG_WARN_BOOL_CONVERSION = YES;
				CLANG_WARN_COMMA = YES;
				CLANG_WARN_CONSTANT_CONVERSION = YES;
				CLANG_WARN_DEPRECATED_OBJC_IMPLEMENTATIONS = YES;
				CLANG_WARN_DIRECT_OBJC_ISA_USAGE = YES_ERROR;
				CLANG_WARN_DOCUMENTATION_COMMENTS = YES;
				CLANG_WARN_EMPTY_BODY = YES;
				CLANG_WARN_ENUM_CONVERSION = YES;
				CLANG_WARN_INFINITE_RECURSION = YES;
				CLANG_WARN_INT_CONVERSION = YES;
				CLANG_WARN_NON_LITERAL_NULL_CONVERSION = YES;
				CLANG_WARN_OBJC_IMPLICIT_RETAIN_SELF = YES;
				CLANG_WARN_OBJC_LITERAL_CONVERSION = YES;
				CLANG_WARN_OBJC_ROOT_CLASS = YES_ERROR;
				CLANG_WARN_RANGE_LOOP_ANALYSIS = YES;
				CLANG_WARN_STRICT_PROTOTYPES = YES;
				CLANG_WARN_SUSPICIOUS_MOVE = YES;
				CLANG_WARN_UNGUARDED_AVAILABILITY = YES_AGGRESSIVE;
				CLANG_WARN_UNREACHABLE_CODE = YES;
				CLANG_WARN__DUPLICATE_METHOD_MATCH = YES;
				CODE_SIGN_IDENTITY = "iPhone Developer";
				COPY_PHASE_STRIP = NO;
				DEBUG_INFORMATION_FORMAT = "dwarf-with-dsym";
				ENABLE_NS_ASSERTIONS = NO;
				ENABLE_STRICT_OBJC_MSGSEND = YES;
				GCC_C_LANGUAGE_STANDARD = gnu11;
				GCC_NO_COMMON_BLOCKS = YES;
				GCC_WARN_64_TO_32_BIT_CONVERSION = YES;
				GCC_WARN_ABOUT_RETURN_TYPE = YES_ERROR;
				GCC_WARN_UNDECLARED_SELECTOR = YES;
				GCC_WARN_UNINITIALIZED_AUTOS = YES_AGGRESSIVE;
				GCC_WARN_UNUSED_FUNCTION = YES;
				GCC_WARN_UNUSED_VARIABLE = YES;
				IPHONEOS_DEPLOYMENT_TARGET = 11.4;
				MTL_ENABLE_DEBUG_INFO = NO;
				SDKROOT = iphoneos;
				SWIFT_COMPILATION_MODE = wholemodule;
				SWIFT_OPTIMIZATION_LEVEL = "-O";
				VALIDATE_PRODUCT = YES;
			};
			name = Release;
		};
		E9C74DD3210613CE00EF770E /* Debug */ = {
			isa = XCBuildConfiguration;
			baseConfigurationReference = 52918835A8828D8E2521BBF4 /* Pods-freneticos.debug.xcconfig */;
			buildSettings = {
				ASSETCATALOG_COMPILER_APPICON_NAME = AppIcon;
				CODE_SIGN_STYLE = Automatic;
				INFOPLIST_FILE = freneticos/Info.plist;
				LD_RUNPATH_SEARCH_PATHS = (
					"$(inherited)",
					"@executable_path/Frameworks",
				);
				PRODUCT_BUNDLE_IDENTIFIER = com.pedrokayser.freneticos;
				PRODUCT_NAME = "$(TARGET_NAME)";
				SWIFT_VERSION = 4.0;
				TARGETED_DEVICE_FAMILY = "1,2";
			};
			name = Debug;
		};
		E9C74DD4210613CE00EF770E /* Release */ = {
			isa = XCBuildConfiguration;
			baseConfigurationReference = 7D07950EC52E32CFCDAE9D26 /* Pods-freneticos.release.xcconfig */;
			buildSettings = {
				ASSETCATALOG_COMPILER_APPICON_NAME = AppIcon;
				CODE_SIGN_STYLE = Automatic;
				INFOPLIST_FILE = freneticos/Info.plist;
				LD_RUNPATH_SEARCH_PATHS = (
					"$(inherited)",
					"@executable_path/Frameworks",
				);
				PRODUCT_BUNDLE_IDENTIFIER = com.pedrokayser.freneticos;
				PRODUCT_NAME = "$(TARGET_NAME)";
				SWIFT_VERSION = 4.0;
				TARGETED_DEVICE_FAMILY = "1,2";
			};
			name = Release;
		};
/* End XCBuildConfiguration section */

/* Begin XCConfigurationList section */
		E9C74DB8210613CD00EF770E /* Build configuration list for PBXProject "freneticos" */ = {
			isa = XCConfigurationList;
			buildConfigurations = (
				E9C74DD0210613CE00EF770E /* Debug */,
				E9C74DD1210613CE00EF770E /* Release */,
			);
			defaultConfigurationIsVisible = 0;
			defaultConfigurationName = Release;
		};
		E9C74DD2210613CE00EF770E /* Build configuration list for PBXNativeTarget "freneticos" */ = {
			isa = XCConfigurationList;
			buildConfigurations = (
				E9C74DD3210613CE00EF770E /* Debug */,
				E9C74DD4210613CE00EF770E /* Release */,
			);
			defaultConfigurationIsVisible = 0;
			defaultConfigurationName = Release;
		};
/* End XCConfigurationList section */

/* Begin XCVersionGroup section */
		E9C74DC7210613CD00EF770E /* freneticos.xcdatamodeld */ = {
			isa = XCVersionGroup;
			children = (
				E9C74DC8210613CD00EF770E /* freneticos.xcdatamodel */,
			);
			currentVersion = E9C74DC8210613CD00EF770E /* freneticos.xcdatamodel */;
			path = freneticos.xcdatamodeld;
			sourceTree = "<group>";
			versionGroupType = wrapper.xcdatamodel;
		};
/* End XCVersionGroup section */
	};
	rootObject = E9C74DB5210613CD00EF770E /* Project object */;
}
